
Microsoft Visual Studio Solution File, Format Version 12.00
# Visual Studio Version 16
VisualStudioVersion = 25.0.1706.13
MinimumVisualStudioVersion = 10.0.40219.1
Project("{FAE04EC0-301F-11D3-BF4B-00C04F79EFBC}") = "Ass3", "Ass3.csproj", "{FFFE42B2-0919-40A7-A1FA-E58DB06F3FFD}"
EndProject
Global
	GlobalSection(SolutionConfigurationPlatforms) = preSolution
		Debug|Any CPU = Debug|Any CPU
		Release|Any CPU = Release|Any CPU
	EndGlobalSection
	GlobalSection(ProjectConfigurationPlatforms) = postSolution
		{FFFE42B2-0919-40A7-A1FA-E58DB06F3FFD}.Debug|Any CPU.ActiveCfg = Debug|Any CPU
		{FFFE42B2-0919-40A7-A1FA-E58DB06F3FFD}.Debug|Any CPU.Build.0 = Debug|Any CPU
		{FFFE42B2-0919-40A7-A1FA-E58DB06F3FFD}.Release|Any CPU.ActiveCfg = Release|Any CPU
		{FFFE42B2-0919-40A7-A1FA-E58DB06F3FFD}.Release|Any CPU.Build.0 = Release|Any CPU
	EndGlobalSection
	GlobalSection(SolutionProperties) = preSolution
		HideSolutionNode = FALSE
	EndGlobalSection
	GlobalSection(ExtensibilityGlobals) = postSolution
		SolutionGuid = {6FF8CF8F-BFFD-4D8E-9FA3-A50741256DF0}
	EndGlobalSection
EndGlobal
